
Microsoft Visual Studio Solution File, Format Version 12.00
# Visual Studio Version 16
VisualStudioVersion = 16.0.30028.174
MinimumVisualStudioVersion = 10.0.40219.1
Project("{FAE04EC0-301F-11D3-BF4B-00C04F79EFBC}") = "HardIoC", "HardIoC\HardIoC.csproj", "{A7D28B43-1B47-446F-8D98-7A9A545A1BE8}"
EndProject
Global
	GlobalSection(SolutionConfigurationPlatforms) = preSolution
		Debug|Any CPU = Debug|Any CPU
		Release|Any CPU = Release|Any CPU
	EndGlobalSection
	GlobalSection(ProjectConfigurationPlatforms) = postSolution
		{A7D28B43-1B47-446F-8D98-7A9A545A1BE8}.Debug|Any CPU.ActiveCfg = Debug|Any CPU
		{A7D28B43-1B47-446F-8D98-7A9A545A1BE8}.Debug|Any CPU.Build.0 = Debug|Any CPU
		{A7D28B43-1B47-446F-8D98-7A9A545A1BE8}.Release|Any CPU.ActiveCfg = Release|Any CPU
		{A7D28B43-1B47-446F-8D98-7A9A545A1BE8}.Release|Any CPU.Build.0 = Release|Any CPU
	EndGlobalSection
	GlobalSection(SolutionProperties) = preSolution
		HideSolutionNode = FALSE
	EndGlobalSection
	GlobalSection(ExtensibilityGlobals) = postSolution
		SolutionGuid = {FCDFC527-9CE5-47BE-966A-FDC83A2211D3}
	EndGlobalSection
EndGlobal
