
Microsoft Visual Studio Solution File, Format Version 12.00
# Visual Studio Version 16
VisualStudioVersion = 16.0.30028.174
MinimumVisualStudioVersion = 10.0.40219.1
Project("{9A19103F-16F7-4668-BE54-9A1E7A4F7556}") = "HardIoC", "HardIoC\HardIoC.csproj", "{A7D28B43-1B47-446F-8D98-7A9A545A1BE8}"
EndProject
Project("{2150E333-8FDC-42A3-9474-1A3956D46DE8}") = "Solution Items", "Solution Items", "{14A47639-F048-47EC-A23C-5287546CAAF3}"
	ProjectSection(SolutionItems) = preProject
		README.md = README.md
	EndProjectSection
EndProject
Project("{9A19103F-16F7-4668-BE54-9A1E7A4F7556}") = "HardIoCTests", "HardIoCTests\HardIoCTests.csproj", "{0402D28F-EEEA-4842-A2A1-326EB0EC851B}"
EndProject
Global
	GlobalSection(SolutionConfigurationPlatforms) = preSolution
		Debug|Any CPU = Debug|Any CPU
		Release|Any CPU = Release|Any CPU
	EndGlobalSection
	GlobalSection(ProjectConfigurationPlatforms) = postSolution
		{A7D28B43-1B47-446F-8D98-7A9A545A1BE8}.Debug|Any CPU.ActiveCfg = Debug|Any CPU
		{A7D28B43-1B47-446F-8D98-7A9A545A1BE8}.Debug|Any CPU.Build.0 = Debug|Any CPU
		{A7D28B43-1B47-446F-8D98-7A9A545A1BE8}.Release|Any CPU.ActiveCfg = Release|Any CPU
		{A7D28B43-1B47-446F-8D98-7A9A545A1BE8}.Release|Any CPU.Build.0 = Release|Any CPU
		{0402D28F-EEEA-4842-A2A1-326EB0EC851B}.Debug|Any CPU.ActiveCfg = Debug|Any CPU
		{0402D28F-EEEA-4842-A2A1-326EB0EC851B}.Debug|Any CPU.Build.0 = Debug|Any CPU
		{0402D28F-EEEA-4842-A2A1-326EB0EC851B}.Release|Any CPU.ActiveCfg = Release|Any CPU
		{0402D28F-EEEA-4842-A2A1-326EB0EC851B}.Release|Any CPU.Build.0 = Release|Any CPU
	EndGlobalSection
	GlobalSection(SolutionProperties) = preSolution
		HideSolutionNode = FALSE
	EndGlobalSection
	GlobalSection(ExtensibilityGlobals) = postSolution
		SolutionGuid = {FCDFC527-9CE5-47BE-966A-FDC83A2211D3}
	EndGlobalSection
EndGlobal
